#Question blocks
---
# This is the eligibility question block, depending on the first question, it will lead to one or another
question: Eligibility
fields:
  - Is your matter based in South Australia?: JIRMresidency
    datatype: radio
    choices:
      - Yes
      - No
    default: Yes
---
# This is a question block about matter
question: Matter
fields:
  - What does your matter pertain to?: JIRMmatter
    choices:
      - Housing: JIRMhousing
      - Births, deaths and marriages: JIRMbdm
      - Equal Opportunity: JIRMeo
      - Other administrative and community matters: JIRMother_admin
      
  - Can you be more specific?: JIRMsubmatter
    show if: 
     variable: JIRMmatter
     is: JIRMhousing
    choices: 
      - Residential tenancy agreements: JIRMrta
      - Retirement villages: JIRMret
      - Residential parks: JIRMres
      - Rooming houses: JIRMrh
      
  - Can you be more specific?: JIRMsubmatter
    show if: 
     variable: JIRMmatter
     is: JIRMbdm
    choices: 
      - Dispute between parents about a child's name: JIRMnamedispute
      - Approval of an application by a parent to change a child's name: JIRMnameapproval
      - Order the registration of death: JIRMdeathorder
      - Correct registration of death: JIRMdeathcorrection
      - Approval of an application by a child or their parent to register a change of the child's sex or gender identity: JIRMgenderapproval 
      - Approval of an application by a child or their parent for an identity acknowledgement certificate: JIRMidentityacknowledgement 
      - Review of a decision of the Registrar: JIRMregistrarreview

  - Can you be more specific?: JIRMsubmatter
    show if: 
     variable: JIRMmatter
     is: JIRMeo
    choices: 
      - Equal Opportunity complaints: JIRMeocomplaints
      - Review of refusal to extend time: JIRMtimerefusal
      
  - Can you be more specific?: JIRMsubmatter
    show if: 
     variable: JIRMmatter
     is: JIRMother_admin
    choices: 
      - Other: JIRMother
---
#Personal Details question block
question: Details
fields:
  - Salutation: JIRMsalutation
    choices:
      - Dr
      - Mr
      - Mrs
      - Ms
      - Miss
    default: Miss
  - Full Name: JIRMname
    default: Jane Doe
  - Age: JIRMage
    datatype: integer
    min: 0
    max: 122
    default: 30
  - Gender: JIRMgender
    datatype: radio
    choices: 
      - Male
      - Female
      - Other
      - Prefer not to answer
    default: Female
  - Do you identify as Aboriginal or Torres Strait Islander?: JIRMaboriginalortsi
    datatype: radio
    choices: 
      - Yes
      - No
      - Prefer not to answer
    default: No
  - Area: JIRMarea
    choices: 
      - North
      - North east 
      - East 
      - South east 
      - South
      - South west 
      - West 
      - North west 
      - Riverland 
      - CBD
      - Regional
    default: North 
---
#Display question block for matter
code: | 
  if JIRMmatter == 'JIRMhousing':
    JIRMmatterdisplay = 'Housing'
  elif JIRMmatter == 'JIRMbdm':
    JIRMmatterdisplay = 'Births, deaths and marriages'
  elif JIRMmatter == 'JIRMeo':
    JIRMmatterdisplay = 'Equal Opportunity' 
  elif JIRMmatter == 'JIRMother_admin': 
    JIRMmatterdisplay = 'Other administrative and community matters' 
  else:
    JIRMmatterdisplay = 'not defined'
---
#Display question block for submatter
code: |
  if JIRMsubmatter == 'JIRMrta':
    JIRMsubmatterdisplay = 'Residential tenancy agreements'
  elif JIRMsubmatter == 'JIRMret':
    JIRMsubmatterdisplay = 'Retirement villages'
  elif JIRMsubmatter == 'JIRMres':
    JIRMsubmatterdisplay = 'Residential parks'
  elif JIRMsubmatter == 'JIRMrh':
    JIRMsubmatterdisplay = 'Rooming houses'
  elif JIRMsubmatter == 'JIRMnamedispute':
    JIRMsubmatterdisplay = 'Dispute between parents about a childs name'
  elif JIRMsubmatter == 'JIRMnameapproval':
    JIRMsubmatterdisplay = 'Approval of an application by a parent to change a childs name'
  elif JIRMsubmatter == 'JIRMdeathorder':
    JIRMsubmatterdisplay = 'Order the registration of death'
  elif JIRMsubmatter == 'JIRMdeathcorrection':
    JIRMsubmatterdisplay = 'Correct registration of death'
  elif JIRMsubmatter == 'JIRMgenderapproval':
    JIRMsubmatterdisplay = 'Approval of an application by a child or their parent to register a change of the childs sex or gender identity'
  elif JIRMsubmatter == 'JIRMidentityacknowledgement ':
    JIRMsubmatterdisplay = 'Approval of an application by a child or their parent for an identity acknowledgement certificate'
  elif JIRMsubmatter == 'JIRMregistrarreview':
    JIRMsubmatterdisplay = 'Review of a decision of the Registrar'
  elif JIRMsubmatter == 'JIRMeocomplaints':
    JIRMsubmatterdisplay = 'Equal Opportunity complaints'
  elif JIRMsubmatter == 'JIRMtimerefusal':
    JIRMsubmatterdisplay = 'Review of refusal to extend time'  
  elif JIRMsubmatter == 'JIRMother':
    JIRMsubmatterdisplay = 'Other administrative and community matters'  
  else:
    JIRMsubmatterdisplay = 'not defined'
---